# THIS IS AN AUTOGENERATED FILE. DO NOT EDIT THIS FILE DIRECTLY.
# yarn lockfile v1


vue-router@^3.0.1:
  version "3.0.1"
  resolved "https://registry.yarnpkg.com/vue-router/-/vue-router-3.0.1.tgz#d9b05ad9c7420ba0f626d6500d693e60092cc1e9"
  integrity sha512-vLLoY452L+JBpALMP5UHum9+7nzR9PeIBCghU9ZtJ1eWm6ieUI8Zb/DI3MYxH32bxkjzYV1LRjNv4qr8d+uX/w==

vue@^2.5.21:
  version "2.5.21"
  resolved "https://registry.yarnpkg.com/vue/-/vue-2.5.21.tgz#3d33dcd03bb813912ce894a8303ab553699c4a85"
  integrity sha512-Aejvyyfhn0zjVeLvXd70h4hrE4zZDx1wfZqia6ekkobLmUZ+vNFQer53B4fu0EjWBSiqApxPejzkO1Znt3joxQ==
